
Microsoft Visual Studio Solution File, Format Version 12.00
# Visual Studio 14
VisualStudioVersion = 14.0.25420.1
MinimumVisualStudioVersion = 10.0.40219.1
Project("{FAE04EC0-301F-11D3-BF4B-00C04F79EFBC}") = "ObjectLiteralWriter", "ObjectLiteralWriter\ObjectLiteralWriter.csproj", "{AC91A64A-D134-45F8-9A03-907BCD8E609D}"
EndProject
Project("{FAE04EC0-301F-11D3-BF4B-00C04F79EFBC}") = "ObjectLiteralWriter.Test", "ObjectLiteralWriter.Test\ObjectLiteralWriter.Test.csproj", "{3499622F-BDE5-4630-8C61-6CAE65C4EAC0}"
EndProject
Global
	GlobalSection(SolutionConfigurationPlatforms) = preSolution
		Debug|Any CPU = Debug|Any CPU
		Release|Any CPU = Release|Any CPU
	EndGlobalSection
	GlobalSection(ProjectConfigurationPlatforms) = postSolution
		{AC91A64A-D134-45F8-9A03-907BCD8E609D}.Debug|Any CPU.ActiveCfg = Debug|Any CPU
		{AC91A64A-D134-45F8-9A03-907BCD8E609D}.Debug|Any CPU.Build.0 = Debug|Any CPU
		{AC91A64A-D134-45F8-9A03-907BCD8E609D}.Release|Any CPU.ActiveCfg = Release|Any CPU
		{AC91A64A-D134-45F8-9A03-907BCD8E609D}.Release|Any CPU.Build.0 = Release|Any CPU
		{3499622F-BDE5-4630-8C61-6CAE65C4EAC0}.Debug|Any CPU.ActiveCfg = Debug|Any CPU
		{3499622F-BDE5-4630-8C61-6CAE65C4EAC0}.Debug|Any CPU.Build.0 = Debug|Any CPU
		{3499622F-BDE5-4630-8C61-6CAE65C4EAC0}.Release|Any CPU.ActiveCfg = Release|Any CPU
		{3499622F-BDE5-4630-8C61-6CAE65C4EAC0}.Release|Any CPU.Build.0 = Release|Any CPU
	EndGlobalSection
	GlobalSection(SolutionProperties) = preSolution
		HideSolutionNode = FALSE
	EndGlobalSection
EndGlobal
